[aibox]
cli_version = "0.34.1"
synced_at = "2026-08-20T18:10:33.616492+00:00"

[processkit]
source = "https://github.com/projectious-work/processkit.git"
version = "v0.28.8"
src_path = "src"
release_asset_sha256 = "3f09f503c25143c2d9ad98c9cc80cfb8ba98b2548eae4ce162d150e88b62acb9"
installed_at = "2026-08-20T18:10:33.616492+00:00"
processkit_install_hash = "v2:023ad3abc7a4ee98c7c372f9d444519405840a3cff551024c2cf2bd4141288d0"

[addons]
resolved_at = "2026-08-09T18:18:19Z"

[addons.tools]

[addons.previous_selection]
docs-hugo = ["hugo"]
git-ui = [
    "gh",
    "lazygit",
]
go = ["go"]
go-quality = [
    "goimports",
    "golangci-lint",
    "gosec",
    "govulncheck",
    "staticcheck",
]
go-release = ["goreleaser"]
node = [
    "node",
    "pnpm",
]
preview-archive = [
    "chafa",
    "entr",
    "librsvg",
    "mupdf",
    "p7zip",
    "poppler",
    "resvg",
    "timg",
]
preview-enhanced = [
    "ffmpeg",
    "ghostscript",
    "rich",
]
release = [
    "hadolint",
    "shellcheck",
]
supply-chain = [
    "cosign",
    "gitleaks",
    "grype",
    "osv-scanner",
    "syft",
]

[runtime_home]
generated_at = "2026-08-20T18:16:30.490873+00:00"

[runtime_home.files]
".claude/keybindings.json" = "187a3f75b831cbec4b025eecd23f06e76a77f46d6f47e4e730ef341f0d1db21c"
".codex/themes/aibox.tmTheme" = "8ba3124648caac6bd4f652e1ec6d0c5e1f2501c923097c86745ebe7571868981"
".config/aibox/theme-env.sh" = "aa54cd37b5780eeae7fd711d2b45daf741fc9a0b7bcfcfa105e0a027040bdc47"
".config/bat/themes/aibox.tmTheme" = "8ba3124648caac6bd4f652e1ec6d0c5e1f2501c923097c86745ebe7571868981"
".config/cheatsheet.txt" = "204c6aba64405c63d2fe6c7067de6c08efee9fc1eb72435324a21d9b808c8607"
".config/git/aibox-github.inc" = "e60ec3914a092744bdd505724030bb3a3757133df8d90917332a96ad8d05a765"
".config/git/config" = "2e4b165267b65fe83fd1ae42b6bf1c53ad87a4e365e320257d88803010e995b0"
".config/lazygit/config.yml" = "5f38b9921a892c9da48e6a5128ee1c3ba3c6dec6a3fd530c6694fa82e2a1b42f"
".config/lnav/config.json" = "0a785ab2dff0c5fc7082b24d80756545370cb33bb67ee49ca80dd673065969a7"
".config/lnav/formats/aibox/aibox.json" = "10e1af791380119ecd6860f8d31becb183a26b01868d9b20b2e277177e17c660"
".config/opencode/themes/aibox.json" = "2bed62338a6dddef0a29e06cb9a62a527c3d67172890ed1b3129f3a086c040c2"
".config/starship.toml" = "7b9a798e1467f742dee09a123a62026fb99aaf267238d445b1e80c1ea7a715d9"
".config/tmux/aibox-powerkit-overrides.tmux" = "a5c4b4f4b7211cfb868e5770ddfc69ece9d1a10db6aa2bf2a30a8dbfe0d6900f"
".config/tmux/aibox-powerkit-theme.sh" = "9d4a499628ee50351472502526abb4fdd1a04e2a655108d0e0efdfabcc68b34f"
".config/tmux/aibox-session.sh" = "13fcca7d89b205689e8030c55cd5a6f8682cb32888bc7a6c2c09fcfb20f4be3b"
".config/tmux/layouts/ai.sh" = "7038e6eaa536da792205f623e69488ccd9ba86d835ca351735321605c857bee2"
".config/tmux/layouts/cowork.sh" = "59729e46f5b8466ff95ee1d50dc31ccb400650ae693713d895532604ed9b8208"
".config/tmux/layouts/dev.sh" = "8c88c07c2b2f75a9c02bdbbf912c346d91720b74d4b77af56b1761e305a3891c"
".config/tmux/layouts/focus.sh" = "4c49711e74b3b75a7e1ffc12545b73c5c803a3f2940cd454adaf8e9bc9da8c1e"
".config/tmux/tmux.conf" = "9aaa2a0b4835c066e2db5dd02aae15476772c8e0da86fde60ad11f8dc430a7a9"
".config/yazi/init.lua" = "eae04462c0b3bcbb486ee59aa9c2c9e9595680a0626997c942e5abb2ae5a48d7"
".config/yazi/keymap.toml" = "153c719f16e74dc92d127fb64793ca2e4715b258bab2d25a40c4652a9dd0a298"
".config/yazi/plugins/dir-preview.yazi/main.lua" = "61daef7bfea36e0274532a774e3d686e2dac71fa57b92c36bb2a4ebb921a848b"
".config/yazi/plugins/eps.yazi/init.lua" = "edeaadeff1411fc9749eeae43c77754fd749db74790591ba75e9286ff36e94c5"
".config/yazi/plugins/git.yazi/main.lua" = "855f6bdf0ee33f503f575c2d75795c98ab1a9893c655940caf333d8fc87dc477"
".config/yazi/plugins/git.yazi/types.lua" = "16c54022dd327c35f533534f0b6995d800965e96d76f2e610b8b2fca0e5b4549"
".config/yazi/plugins/rich-preview.yazi/main.lua" = "e36493fd73d9e580bb1e0b2be2353d2d81558e63ed3621b1d0edfbdc07c71f6e"
".config/yazi/plugins/status-git.yazi/main.lua" = "bedc0ba5bf4ea01605b1b7cb444ee3a09b0a4ba35ce99306d974d5977a4d32d2"
".config/yazi/plugins/svg.yazi/init.lua" = "ba5e7ebbb9870eda80d7be179010494cac3896b4b29fb8f1011809e217ecc278"
".config/yazi/plugins/toggle-pane.yazi/main.lua" = "86b2306f6c9d880f0a6f777bdefb451393eb6a0c88718be355ebe31495e59f1c"
".config/yazi/theme.toml" = "6f355c77ff5923047503b4b02b45869b70a8d41fa4760ac662b1243e232adb33"
".config/yazi/yazi.toml" = "8d68bae77fa90031419dc37bc180fdfda600d870740e23c09a38f8f7c9148529"
".inputrc" = "3763b3a9d37f05ca7c035579bc5419b664c3b33c5ce9a0c4ce5d00fbe75ec237"
".local/bin/aibox-agent-signal" = "365fbdf24ac2f547cabd67cd39642052e9be0c66774ca8771f0c05819136dccd"
".local/bin/aibox-copy" = "8ad9b94df76a00b938aa933bbda8305d5222bf7f9374a3bd5afef5f0fc361654"
".local/bin/aibox-powerkit-render-list" = "2fee132c86c69deb2198d2ed32d895d008c77ca7f5c68f910d1793e6edadfdbc"
".local/bin/aibox-powerkit-render-session" = "3e5ca872bdc0bcec25616f5a2f469d64ec13bb9342415344171b204c42c28b77"
".local/bin/aibox-preview" = "23dd64645a9c95aa944e4af20091349fd22e3214e48ef15f5757646b5bc375f6"
".local/bin/aibox-status-toggle" = "026c6a1dc7f1bcf650aa0bd4f587adfb5de6744df66fc138bef9b435bad1049a"
".local/bin/aibox-tmux-cheatsheet" = "2e3f8745cbb2039c521354f8bf48fa4059600f0c8b7bb462a8a8ed086d0473d9"
".local/bin/aibox-tmux-confirm-and-switch" = "a8771bb55db28dc35a7c1cfb742ec60299784b96cd8550e45aaac1cae19446f2"
".local/bin/aibox-tmux-refresh-theme" = "66aa1a9c859790be8664a6bbe94de5f0ebaf6919e3e91e3287ebac8a014aae84"
".local/bin/aibox-tmux-switch-layout" = "0bd371bed88078b2a0b40ab5a46039c2638ab667b976fe9570074da800364689"
".local/bin/open-in-editor" = "ec4c0ecf1c4c01582c8b16a1bb2a06f364f3a9a9bab14976c5da17573b047145"
".local/bin/pdf-watch" = "b6becd1df4a32ff27f5c93e514e6d31e5743f9282f40ce7290b8432207d85934"
".vim/colors/aibox.vim" = "344b37601aef6a975843acb504d0059c4cb9e8c31e4fd81f7276747de96bc7d0"
".vim/vimrc" = "bd628ebab7566f53e98a8eabc5c698f8d2c927aa21cd5f0596673cc6b1c572b1"

[harnesses]
recorded_at = "2026-08-09T18:18:19Z"
previous_selection = [
    "claude",
    "codex",
]
